
Microsoft Visual Studio Solution File, Format Version 12.00
# Visual Studio Version 17
VisualStudioVersion = 17.5.33502.453
MinimumVisualStudioVersion = 10.0.40219.1
Project("{FAE04EC0-301F-11D3-BF4B-00C04F79EFBC}") = "rozkladliczby", "rozkladliczby\rozkladliczby.csproj", "{329E3A0F-ED38-43CC-942F-CC50BCE5504A}"
EndProject
Global
	GlobalSection(SolutionConfigurationPlatforms) = preSolution
		Debug|Any CPU = Debug|Any CPU
		Release|Any CPU = Release|Any CPU
	EndGlobalSection
	GlobalSection(ProjectConfigurationPlatforms) = postSolution
		{329E3A0F-ED38-43CC-942F-CC50BCE5504A}.Debug|Any CPU.ActiveCfg = Debug|Any CPU
		{329E3A0F-ED38-43CC-942F-CC50BCE5504A}.Debug|Any CPU.Build.0 = Debug|Any CPU
		{329E3A0F-ED38-43CC-942F-CC50BCE5504A}.Release|Any CPU.ActiveCfg = Release|Any CPU
		{329E3A0F-ED38-43CC-942F-CC50BCE5504A}.Release|Any CPU.Build.0 = Release|Any CPU
	EndGlobalSection
	GlobalSection(SolutionProperties) = preSolution
		HideSolutionNode = FALSE
	EndGlobalSection
	GlobalSection(ExtensibilityGlobals) = postSolution
		SolutionGuid = {AF8B36E8-CE4E-4E82-8171-C74C3EBAEA7D}
	EndGlobalSection
EndGlobal
